// !$*UTF8*$!
{
	archiveVersion = 1;
	classes = {
	};
	objectVersion = 50;
	objects = {

/* Begin PBXBuildFile section */
		7F14B63A251337DD008CF425 /* AppDelegate.swift in Sources */ = {isa = PBXBuildFile; fileRef = 7F14B639251337DD008CF425 /* AppDelegate.swift */; };
		7F14B63C251337DD008CF425 /* SceneDelegate.swift in Sources */ = {isa = PBXBuildFile; fileRef = 7F14B63B251337DD008CF425 /* SceneDelegate.swift */; };
		7F14B63E251337DD008CF425 /* ViewController.swift in Sources */ = {isa = PBXBuildFile; fileRef = 7F14B63D251337DD008CF425 /* ViewController.swift */; };
		7F14B641251337DD008CF425 /* Main.storyboard in Resources */ = {isa = PBXBuildFile; fileRef = 7F14B63F251337DD008CF425 /* Main.storyboard */; };
		7F14B643251337DE008CF425 /* Assets.xcassets in Resources */ = {isa = PBXBuildFile; fileRef = 7F14B642251337DE008CF425 /* Assets.xcassets */; };
		7F14B646251337DE008CF425 /* LaunchScreen.storyboard in Resources */ = {isa = PBXBuildFile; fileRef = 7F14B644251337DE008CF425 /* LaunchScreen.storyboard */; };
		7F14B651251337DE008CF425 /* MHTABandara_COBSCCOMP191P_024Tests.swift in Sources */ = {isa = PBXBuildFile; fileRef = 7F14B650251337DE008CF425 /* MHTABandara_COBSCCOMP191P_024Tests.swift */; };
		7F14B65C251337DE008CF425 /* MHTABandara_COBSCCOMP191P_024UITests.swift in Sources */ = {isa = PBXBuildFile; fileRef = 7F14B65B251337DE008CF425 /* MHTABandara_COBSCCOMP191P_024UITests.swift */; };
		7F14B6742514A27F008CF425 /* CustomeButton.swift in Sources */ = {isa = PBXBuildFile; fileRef = 7F14B6732514A27F008CF425 /* CustomeButton.swift */; };
		7F14B6792514A29D008CF425 /* CustomeView.swift in Sources */ = {isa = PBXBuildFile; fileRef = 7F14B6782514A29D008CF425 /* CustomeView.swift */; };
/* End PBXBuildFile section */

/* Begin PBXContainerItemProxy section */
		7F14B64D251337DE008CF425 /* PBXContainerItemProxy */ = {
			isa = PBXContainerItemProxy;
			containerPortal = 7F14B62E251337DC008CF425 /* Project object */;
			proxyType = 1;
			remoteGlobalIDString = 7F14B635251337DD008CF425;
			remoteInfo = "MHTABandara-COBSCCOMP191P-024";
		};
		7F14B658251337DE008CF425 /* PBXContainerItemProxy */ = {
			isa = PBXContainerItemProxy;
			containerPortal = 7F14B62E251337DC008CF425 /* Project object */;
			proxyType = 1;
			remoteGlobalIDString = 7F14B635251337DD008CF425;
			remoteInfo = "MHTABandara-COBSCCOMP191P-024";
		};
/* End PBXContainerItemProxy section */

/* Begin PBXFileReference section */
		7F14B636251337DD008CF425 /* MHTABandara-COBSCCOMP191P-024.app */ = {isa = PBXFileReference; explicitFileType = wrapper.application; includeInIndex = 0; path = "MHTABandara-COBSCCOMP191P-024.app"; sourceTree = BUILT_PRODUCTS_DIR; };
		7F14B639251337DD008CF425 /* AppDelegate.swift */ = {isa = PBXFileReference; lastKnownFileType = sourcecode.swift; path = AppDelegate.swift; sourceTree = "<group>"; };
		7F14B63B251337DD008CF425 /* SceneDelegate.swift */ = {isa = PBXFileReference; lastKnownFileType = sourcecode.swift; path = SceneDelegate.swift; sourceTree = "<group>"; };
		7F14B63D251337DD008CF425 /* ViewController.swift */ = {isa = PBXFileReference; lastKnownFileType = sourcecode.swift; path = ViewController.swift; sourceTree = "<group>"; };
		7F14B640251337DD008CF425 /* Base */ = {isa = PBXFileReference; lastKnownFileType = file.storyboard; name = Base; path = Base.lproj/Main.storyboard; sourceTree = "<group>"; };
		7F14B642251337DE008CF425 /* Assets.xcassets */ = {isa = PBXFileReference; lastKnownFileType = folder.assetcatalog; path = Assets.xcassets; sourceTree = "<group>"; };
		7F14B645251337DE008CF425 /* Base */ = {isa = PBXFileReference; lastKnownFileType = file.storyboard; name = Base; path = Base.lproj/LaunchScreen.storyboard; sourceTree = "<group>"; };
		7F14B647251337DE008CF425 /* Info.plist */ = {isa = PBXFileReference; lastKnownFileType = text.plist.xml; path = Info.plist; sourceTree = "<group>"; };
		7F14B64C251337DE008CF425 /* MHTABandara-COBSCCOMP191P-024Tests.xctest */ = {isa = PBXFileReference; explicitFileType = wrapper.cfbundle; includeInIndex = 0; path = "MHTABandara-COBSCCOMP191P-024Tests.xctest"; sourceTree = BUILT_PRODUCTS_DIR; };
		7F14B650251337DE008CF425 /* MHTABandara_COBSCCOMP191P_024Tests.swift */ = {isa = PBXFileReference; lastKnownFileType = sourcecode.swift; path = MHTABandara_COBSCCOMP191P_024Tests.swift; sourceTree = "<group>"; };
		7F14B652251337DE008CF425 /* Info.plist */ = {isa = PBXFileReference; lastKnownFileType = text.plist.xml; path = Info.plist; sourceTree = "<group>"; };
		7F14B657251337DE008CF425 /* MHTABandara-COBSCCOMP191P-024UITests.xctest */ = {isa = PBXFileReference; explicitFileType = wrapper.cfbundle; includeInIndex = 0; path = "MHTABandara-COBSCCOMP191P-024UITests.xctest"; sourceTree = BUILT_PRODUCTS_DIR; };
		7F14B65B251337DE008CF425 /* MHTABandara_COBSCCOMP191P_024UITests.swift */ = {isa = PBXFileReference; lastKnownFileType = sourcecode.swift; path = MHTABandara_COBSCCOMP191P_024UITests.swift; sourceTree = "<group>"; };
		7F14B65D251337DE008CF425 /* Info.plist */ = {isa = PBXFileReference; lastKnownFileType = text.plist.xml; path = Info.plist; sourceTree = "<group>"; };
		7F14B6732514A27F008CF425 /* CustomeButton.swift */ = {isa = PBXFileReference; lastKnownFileType = sourcecode.swift; path = CustomeButton.swift; sourceTree = "<group>"; };
		7F14B6782514A29D008CF425 /* CustomeView.swift */ = {isa = PBXFileReference; lastKnownFileType = sourcecode.swift; path = CustomeView.swift; sourceTree = "<group>"; };
/* End PBXFileReference section */

/* Begin PBXFrameworksBuildPhase section */
		7F14B633251337DD008CF425 /* Frameworks */ = {
			isa = PBXFrameworksBuildPhase;
			buildActionMask = 2147483647;
			files = (
			);
			runOnlyForDeploymentPostprocessing = 0;
		};
		7F14B649251337DE008CF425 /* Frameworks */ = {
			isa = PBXFrameworksBuildPhase;
			buildActionMask = 2147483647;
			files = (
			);
			runOnlyForDeploymentPostprocessing = 0;
		};
		7F14B654251337DE008CF425 /* Frameworks */ = {
			isa = PBXFrameworksBuildPhase;
			buildActionMask = 2147483647;
			files = (
			);
			runOnlyForDeploymentPostprocessing = 0;
		};
/* End PBXFrameworksBuildPhase section */

/* Begin PBXGroup section */
		7F14B62D251337DC008CF425 = {
			isa = PBXGroup;
			children = (
				7F14B638251337DD008CF425 /* MHTABandara-COBSCCOMP191P-024 */,
				7F14B64F251337DE008CF425 /* MHTABandara-COBSCCOMP191P-024Tests */,
				7F14B65A251337DE008CF425 /* MHTABandara-COBSCCOMP191P-024UITests */,
				7F14B637251337DD008CF425 /* Products */,
			);
			sourceTree = "<group>";
		};
		7F14B637251337DD008CF425 /* Products */ = {
			isa = PBXGroup;
			children = (
				7F14B636251337DD008CF425 /* MHTABandara-COBSCCOMP191P-024.app */,
				7F14B64C251337DE008CF425 /* MHTABandara-COBSCCOMP191P-024Tests.xctest */,
				7F14B657251337DE008CF425 /* MHTABandara-COBSCCOMP191P-024UITests.xctest */,
			);
			name = Products;
			sourceTree = "<group>";
		};
		7F14B638251337DD008CF425 /* MHTABandara-COBSCCOMP191P-024 */ = {
			isa = PBXGroup;
			children = (
				7F14B6712514A212008CF425 /* Utils */,
				7F14B63B251337DD008CF425 /* SceneDelegate.swift */,
				7F14B639251337DD008CF425 /* AppDelegate.swift */,
				7F14B66D2513380C008CF425 /* Controllers */,
				7F14B66C25133804008CF425 /* Views */,
				7F14B642251337DE008CF425 /* Assets.xcassets */,
				7F14B644251337DE008CF425 /* LaunchScreen.storyboard */,
				7F14B647251337DE008CF425 /* Info.plist */,
			);
			path = "MHTABandara-COBSCCOMP191P-024";
			sourceTree = "<group>";
		};
		7F14B64F251337DE008CF425 /* MHTABandara-COBSCCOMP191P-024Tests */ = {
			isa = PBXGroup;
			children = (
				7F14B650251337DE008CF425 /* MHTABandara_COBSCCOMP191P_024Tests.swift */,
				7F14B652251337DE008CF425 /* Info.plist */,
			);
			path = "MHTABandara-COBSCCOMP191P-024Tests";
			sourceTree = "<group>";
		};
		7F14B65A251337DE008CF425 /* MHTABandara-COBSCCOMP191P-024UITests */ = {
			isa = PBXGroup;
			children = (
				7F14B65B251337DE008CF425 /* MHTABandara_COBSCCOMP191P_024UITests.swift */,
				7F14B65D251337DE008CF425 /* Info.plist */,
			);
			path = "MHTABandara-COBSCCOMP191P-024UITests";
			sourceTree = "<group>";
		};
		7F14B66C25133804008CF425 /* Views */ = {
			isa = PBXGroup;
			children = (
				7F14B63F251337DD008CF425 /* Main.storyboard */,
			);
			path = Views;
			sourceTree = "<group>";
		};
		7F14B66D2513380C008CF425 /* Controllers */ = {
			isa = PBXGroup;
			children = (
				7F14B63D251337DD008CF425 /* ViewController.swift */,
			);
			path = Controllers;
			sourceTree = "<group>";
		};
		7F14B6712514A212008CF425 /* Utils */ = {
			isa = PBXGroup;
			children = (
				7F14B6732514A27F008CF425 /* CustomeButton.swift */,
				7F14B6782514A29D008CF425 /* CustomeView.swift */,
			);
			name = Utils;
			sourceTree = "<group>";
		};
/* End PBXGroup section */

/* Begin PBXNativeTarget section */
		7F14B635251337DD008CF425 /* MHTABandara-COBSCCOMP191P-024 */ = {
			isa = PBXNativeTarget;
			buildConfigurationList = 7F14B660251337DE008CF425 /* Build configuration list for PBXNativeTarget "MHTABandara-COBSCCOMP191P-024" */;
			buildPhases = (
				7F14B632251337DD008CF425 /* Sources */,
				7F14B633251337DD008CF425 /* Frameworks */,
				7F14B634251337DD008CF425 /* Resources */,
			);
			buildRules = (
			);
			dependencies = (
			);
			name = "MHTABandara-COBSCCOMP191P-024";
			productName = "MHTABandara-COBSCCOMP191P-024";
			productReference = 7F14B636251337DD008CF425 /* MHTABandara-COBSCCOMP191P-024.app */;
			productType = "com.apple.product-type.application";
		};
		7F14B64B251337DE008CF425 /* MHTABandara-COBSCCOMP191P-024Tests */ = {
			isa = PBXNativeTarget;
			buildConfigurationList = 7F14B663251337DE008CF425 /* Build configuration list for PBXNativeTarget "MHTABandara-COBSCCOMP191P-024Tests" */;
			buildPhases = (
				7F14B648251337DE008CF425 /* Sources */,
				7F14B649251337DE008CF425 /* Frameworks */,
				7F14B64A251337DE008CF425 /* Resources */,
			);
			buildRules = (
			);
			dependencies = (
				7F14B64E251337DE008CF425 /* PBXTargetDependency */,
			);
			name = "MHTABandara-COBSCCOMP191P-024Tests";
			productName = "MHTABandara-COBSCCOMP191P-024Tests";
			productReference = 7F14B64C251337DE008CF425 /* MHTABandara-COBSCCOMP191P-024Tests.xctest */;
			productType = "com.apple.product-type.bundle.unit-test";
		};
		7F14B656251337DE008CF425 /* MHTABandara-COBSCCOMP191P-024UITests */ = {
			isa = PBXNativeTarget;
			buildConfigurationList = 7F14B666251337DE008CF425 /* Build configuration list for PBXNativeTarget "MHTABandara-COBSCCOMP191P-024UITests" */;
			buildPhases = (
				7F14B653251337DE008CF425 /* Sources */,
				7F14B654251337DE008CF425 /* Frameworks */,
				7F14B655251337DE008CF425 /* Resources */,
			);
			buildRules = (
			);
			dependencies = (
				7F14B659251337DE008CF425 /* PBXTargetDependency */,
			);
			name = "MHTABandara-COBSCCOMP191P-024UITests";
			productName = "MHTABandara-COBSCCOMP191P-024UITests";
			productReference = 7F14B657251337DE008CF425 /* MHTABandara-COBSCCOMP191P-024UITests.xctest */;
			productType = "com.apple.product-type.bundle.ui-testing";
		};
/* End PBXNativeTarget section */

/* Begin PBXProject section */
		7F14B62E251337DC008CF425 /* Project object */ = {
			isa = PBXProject;
			attributes = {
				LastSwiftUpdateCheck = 1200;
				LastUpgradeCheck = 1200;
				TargetAttributes = {
					7F14B635251337DD008CF425 = {
						CreatedOnToolsVersion = 12.0;
					};
					7F14B64B251337DE008CF425 = {
						CreatedOnToolsVersion = 12.0;
						TestTargetID = 7F14B635251337DD008CF425;
					};
					7F14B656251337DE008CF425 = {
						CreatedOnToolsVersion = 12.0;
						TestTargetID = 7F14B635251337DD008CF425;
					};
				};
			};
			buildConfigurationList = 7F14B631251337DC008CF425 /* Build configuration list for PBXProject "MHTABandara-COBSCCOMP191P-024" */;
			compatibilityVersion = "Xcode 9.3";
			developmentRegion = en;
			hasScannedForEncodings = 0;
			knownRegions = (
				en,
				Base,
			);
			mainGroup = 7F14B62D251337DC008CF425;
			productRefGroup = 7F14B637251337DD008CF425 /* Products */;
			projectDirPath = "";
			projectRoot = "";
			targets = (
				7F14B635251337DD008CF425 /* MHTABandara-COBSCCOMP191P-024 */,
				7F14B64B251337DE008CF425 /* MHTABandara-COBSCCOMP191P-024Tests */,
				7F14B656251337DE008CF425 /* MHTABandara-COBSCCOMP191P-024UITests */,
			);
		};
/* End PBXProject section */

/* Begin PBXResourcesBuildPhase section */
		7F14B634251337DD008CF425 /* Resources */ = {
			isa = PBXResourcesBuildPhase;
			buildActionMask = 2147483647;
			files = (
				7F14B646251337DE008CF425 /* LaunchScreen.storyboard in Resources */,
				7F14B643251337DE008CF425 /* Assets.xcassets in Resources */,
				7F14B641251337DD008CF425 /* Main.storyboard in Resources */,
			);
			runOnlyForDeploymentPostprocessing = 0;
		};
		7F14B64A251337DE008CF425 /* Resources */ = {
			isa = PBXResourcesBuildPhase;
			buildActionMask = 2147483647;
			files = (
			);
			runOnlyForDeploymentPostprocessing = 0;
		};
		7F14B655251337DE008CF425 /* Resources */ = {
			isa = PBXResourcesBuildPhase;
			buildActionMask = 2147483647;
			files = (
			);
			runOnlyForDeploymentPostprocessing = 0;
		};
/* End PBXResourcesBuildPhase section */

/* Begin PBXSourcesBuildPhase section */
		7F14B632251337DD008CF425 /* Sources */ = {
			isa = PBXSourcesBuildPhase;
			buildActionMask = 2147483647;
			files = (
				7F14B63E251337DD008CF425 /* ViewController.swift in Sources */,
				7F14B63A251337DD008CF425 /* AppDelegate.swift in Sources */,
				7F14B6742514A27F008CF425 /* CustomeButton.swift in Sources */,
				7F14B63C251337DD008CF425 /* SceneDelegate.swift in Sources */,
				7F14B6792514A29D008CF425 /* CustomeView.swift in Sources */,
			);
			runOnlyForDeploymentPostprocessing = 0;
		};
		7F14B648251337DE008CF425 /* Sources */ = {
			isa = PBXSourcesBuildPhase;
			buildActionMask = 2147483647;
			files = (
				7F14B651251337DE008CF425 /* MHTABandara_COBSCCOMP191P_024Tests.swift in Sources */,
			);
			runOnlyForDeploymentPostprocessing = 0;
		};
		7F14B653251337DE008CF425 /* Sources */ = {
			isa = PBXSourcesBuildPhase;
			buildActionMask = 2147483647;
			files = (
				7F14B65C251337DE008CF425 /* MHTABandara_COBSCCOMP191P_024UITests.swift in Sources */,
			);
			runOnlyForDeploymentPostprocessing = 0;
		};
/* End PBXSourcesBuildPhase section */

/* Begin PBXTargetDependency section */
		7F14B64E251337DE008CF425 /* PBXTargetDependency */ = {
			isa = PBXTargetDependency;
			target = 7F14B635251337DD008CF425 /* MHTABandara-COBSCCOMP191P-024 */;
			targetProxy = 7F14B64D251337DE008CF425 /* PBXContainerItemProxy */;
		};
		7F14B659251337DE008CF425 /* PBXTargetDependency */ = {
			isa = PBXTargetDependency;
			target = 7F14B635251337DD008CF425 /* MHTABandara-COBSCCOMP191P-024 */;
			targetProxy = 7F14B658251337DE008CF425 /* PBXContainerItemProxy */;
		};
/* End PBXTargetDependency section */

/* Begin PBXVariantGroup section */
		7F14B63F251337DD008CF425 /* Main.storyboard */ = {
			isa = PBXVariantGroup;
			children = (
				7F14B640251337DD008CF425 /* Base */,
			);
			name = Main.storyboard;
			sourceTree = "<group>";
		};
		7F14B644251337DE008CF425 /* LaunchScreen.storyboard */ = {
			isa = PBXVariantGroup;
			children = (
				7F14B645251337DE008CF425 /* Base */,
			);
			name = LaunchScreen.storyboard;
			sourceTree = "<group>";
		};
/* End PBXVariantGroup section */

/* Begin XCBuildConfiguration section */
		7F14B65E251337DE008CF425 /* Debug */ = {
			isa = XCBuildConfiguration;
			buildSettings = {
				ALWAYS_SEARCH_USER_PATHS = NO;
				CLANG_ANALYZER_NONNULL = YES;
				CLANG_ANALYZER_NUMBER_OBJECT_CONVERSION = YES_AGGRESSIVE;
				CLANG_CXX_LANGUAGE_STANDARD = "gnu++14";
				CLANG_CXX_LIBRARY = "libc++";
				CLANG_ENABLE_MODULES = YES;
				CLANG_ENABLE_OBJC_ARC = YES;
				CLANG_ENABLE_OBJC_WEAK = YES;
				CLANG_WARN_BLOCK_CAPTURE_AUTORELEASING = YES;
				CLANG_WARN_BOOL_CONVERSION = YES;
				CLANG_WARN_COMMA = YES;
				CLANG_WARN_CONSTANT_CONVERSION = YES;
				CLANG_WARN_DEPRECATED_OBJC_IMPLEMENTATIONS = YES;
				CLANG_WARN_DIRECT_OBJC_ISA_USAGE = YES_ERROR;
				CLANG_WARN_DOCUMENTATION_COMMENTS = YES;
				CLANG_WARN_EMPTY_BODY = YES;
				CLANG_WARN_ENUM_CONVERSION = YES;
				CLANG_WARN_INFINITE_RECURSION = YES;
				CLANG_WARN_INT_CONVERSION = YES;
				CLANG_WARN_NON_LITERAL_NULL_CONVERSION = YES;
				CLANG_WARN_OBJC_IMPLICIT_RETAIN_SELF = YES;
				CLANG_WARN_OBJC_LITERAL_CONVERSION = YES;
				CLANG_WARN_OBJC_ROOT_CLASS = YES_ERROR;
				CLANG_WARN_QUOTED_INCLUDE_IN_FRAMEWORK_HEADER = YES;
				CLANG_WARN_RANGE_LOOP_ANALYSIS = YES;
				CLANG_WARN_STRICT_PROTOTYPES = YES;
				CLANG_WARN_SUSPICIOUS_MOVE = YES;
				CLANG_WARN_UNGUARDED_AVAILABILITY = YES_AGGRESSIVE;
				CLANG_WARN_UNREACHABLE_CODE = YES;
				CLANG_WARN__DUPLICATE_METHOD_MATCH = YES;
				COPY_PHASE_STRIP = NO;
				DEBUG_INFORMATION_FORMAT = dwarf;
				ENABLE_STRICT_OBJC_MSGSEND = YES;
				ENABLE_TESTABILITY = YES;
				GCC_C_LANGUAGE_STANDARD = gnu11;
				GCC_DYNAMIC_NO_PIC = NO;
				GCC_NO_COMMON_BLOCKS = YES;
				GCC_OPTIMIZATION_LEVEL = 0;
				GCC_PREPROCESSOR_DEFINITIONS = (
					"DEBUG=1",
					"$(inherited)",
				);
				GCC_WARN_64_TO_32_BIT_CONVERSION = YES;
				GCC_WARN_ABOUT_RETURN_TYPE = YES_ERROR;
				GCC_WARN_UNDECLARED_SELECTOR = YES;
				GCC_WARN_UNINITIALIZED_AUTOS = YES_AGGRESSIVE;
				GCC_WARN_UNUSED_FUNCTION = YES;
				GCC_WARN_UNUSED_VARIABLE = YES;
				IPHONEOS_DEPLOYMENT_TARGET = 14.0;
				MTL_ENABLE_DEBUG_INFO = INCLUDE_SOURCE;
				MTL_FAST_MATH = YES;
				ONLY_ACTIVE_ARCH = YES;
				SDKROOT = iphoneos;
				SWIFT_ACTIVE_COMPILATION_CONDITIONS = DEBUG;
				SWIFT_OPTIMIZATION_LEVEL = "-Onone";
			};
			name = Debug;
		};
		7F14B65F251337DE008CF425 /* Release */ = {
			isa = XCBuildConfiguration;
			buildSettings = {
				ALWAYS_SEARCH_USER_PATHS = NO;
				CLANG_ANALYZER_NONNULL = YES;
				CLANG_ANALYZER_NUMBER_OBJECT_CONVERSION = YES_AGGRESSIVE;
				CLANG_CXX_LANGUAGE_STANDARD = "gnu++14";
				CLANG_CXX_LIBRARY = "libc++";
				CLANG_ENABLE_MODULES = YES;
				CLANG_ENABLE_OBJC_ARC = YES;
				CLANG_ENABLE_OBJC_WEAK = YES;
				CLANG_WARN_BLOCK_CAPTURE_AUTORELEASING = YES;
				CLANG_WARN_BOOL_CONVERSION = YES;
				CLANG_WARN_COMMA = YES;
				CLANG_WARN_CONSTANT_CONVERSION = YES;
				CLANG_WARN_DEPRECATED_OBJC_IMPLEMENTATIONS = YES;
				CLANG_WARN_DIRECT_OBJC_ISA_USAGE = YES_ERROR;
				CLANG_WARN_DOCUMENTATION_COMMENTS = YES;
				CLANG_WARN_EMPTY_BODY = YES;
				CLANG_WARN_ENUM_CONVERSION = YES;
				CLANG_WARN_INFINITE_RECURSION = YES;
				CLANG_WARN_INT_CONVERSION = YES;
				CLANG_WARN_NON_LITERAL_NULL_CONVERSION = YES;
				CLANG_WARN_OBJC_IMPLICIT_RETAIN_SELF = YES;
				CLANG_WARN_OBJC_LITERAL_CONVERSION = YES;
				CLANG_WARN_OBJC_ROOT_CLASS = YES_ERROR;
				CLANG_WARN_QUOTED_INCLUDE_IN_FRAMEWORK_HEADER = YES;
				CLANG_WARN_RANGE_LOOP_ANALYSIS = YES;
				CLANG_WARN_STRICT_PROTOTYPES = YES;
				CLANG_WARN_SUSPICIOUS_MOVE = YES;
				CLANG_WARN_UNGUARDED_AVAILABILITY = YES_AGGRESSIVE;
				CLANG_WARN_UNREACHABLE_CODE = YES;
				CLANG_WARN__DUPLICATE_METHOD_MATCH = YES;
				COPY_PHASE_STRIP = NO;
				DEBUG_INFORMATION_FORMAT = "dwarf-with-dsym";
				ENABLE_NS_ASSERTIONS = NO;
				ENABLE_STRICT_OBJC_MSGSEND = YES;
				GCC_C_LANGUAGE_STANDARD = gnu11;
				GCC_NO_COMMON_BLOCKS = YES;
				GCC_WARN_64_TO_32_BIT_CONVERSION = YES;
				GCC_WARN_ABOUT_RETURN_TYPE = YES_ERROR;
				GCC_WARN_UNDECLARED_SELECTOR = YES;
				GCC_WARN_UNINITIALIZED_AUTOS = YES_AGGRESSIVE;
				GCC_WARN_UNUSED_FUNCTION = YES;
				GCC_WARN_UNUSED_VARIABLE = YES;
				IPHONEOS_DEPLOYMENT_TARGET = 14.0;
				MTL_ENABLE_DEBUG_INFO = NO;
				MTL_FAST_MATH = YES;
				SDKROOT = iphoneos;
				SWIFT_COMPILATION_MODE = wholemodule;
				SWIFT_OPTIMIZATION_LEVEL = "-O";
				VALIDATE_PRODUCT = YES;
			};
			name = Release;
		};
		7F14B661251337DE008CF425 /* Debug */ = {
			isa = XCBuildConfiguration;
			buildSettings = {
				ASSETCATALOG_COMPILER_APPICON_NAME = AppIcon;
				ASSETCATALOG_COMPILER_GLOBAL_ACCENT_COLOR_NAME = AccentColor;
				CODE_SIGN_STYLE = Automatic;
				INFOPLIST_FILE = "MHTABandara-COBSCCOMP191P-024/Info.plist";
				LD_RUNPATH_SEARCH_PATHS = (
					"$(inherited)",
					"@executable_path/Frameworks",
				);
				PRODUCT_BUNDLE_IDENTIFIER = "eee3.MHTABandara-COBSCCOMP191P-024";
				PRODUCT_NAME = "$(TARGET_NAME)";
				SWIFT_VERSION = 5.0;
				TARGETED_DEVICE_FAMILY = "1,2";
			};
			name = Debug;
		};
		7F14B662251337DE008CF425 /* Release */ = {
			isa = XCBuildConfiguration;
			buildSettings = {
				ASSETCATALOG_COMPILER_APPICON_NAME = AppIcon;
				ASSETCATALOG_COMPILER_GLOBAL_ACCENT_COLOR_NAME = AccentColor;
				CODE_SIGN_STYLE = Automatic;
				INFOPLIST_FILE = "MHTABandara-COBSCCOMP191P-024/Info.plist";
				LD_RUNPATH_SEARCH_PATHS = (
					"$(inherited)",
					"@executable_path/Frameworks",
				);
				PRODUCT_BUNDLE_IDENTIFIER = "eee3.MHTABandara-COBSCCOMP191P-024";
				PRODUCT_NAME = "$(TARGET_NAME)";
				SWIFT_VERSION = 5.0;
				TARGETED_DEVICE_FAMILY = "1,2";
			};
			name = Release;
		};
		7F14B664251337DE008CF425 /* Debug */ = {
			isa = XCBuildConfiguration;
			buildSettings = {
				ALWAYS_EMBED_SWIFT_STANDARD_LIBRARIES = YES;
				BUNDLE_LOADER = "$(TEST_HOST)";
				CODE_SIGN_STYLE = Automatic;
				INFOPLIST_FILE = "MHTABandara-COBSCCOMP191P-024Tests/Info.plist";
				IPHONEOS_DEPLOYMENT_TARGET = 14.0;
				LD_RUNPATH_SEARCH_PATHS = (
					"$(inherited)",
					"@executable_path/Frameworks",
					"@loader_path/Frameworks",
				);
				PRODUCT_BUNDLE_IDENTIFIER = "eee3.MHTABandara-COBSCCOMP191P-024Tests";
				PRODUCT_NAME = "$(TARGET_NAME)";
				SWIFT_VERSION = 5.0;
				TARGETED_DEVICE_FAMILY = "1,2";
				TEST_HOST = "$(BUILT_PRODUCTS_DIR)/MHTABandara-COBSCCOMP191P-024.app/MHTABandara-COBSCCOMP191P-024";
			};
			name = Debug;
		};
		7F14B665251337DE008CF425 /* Release */ = {
			isa = XCBuildConfiguration;
			buildSettings = {
				ALWAYS_EMBED_SWIFT_STANDARD_LIBRARIES = YES;
				BUNDLE_LOADER = "$(TEST_HOST)";
				CODE_SIGN_STYLE = Automatic;
				INFOPLIST_FILE = "MHTABandara-COBSCCOMP191P-024Tests/Info.plist";
				IPHONEOS_DEPLOYMENT_TARGET = 14.0;
				LD_RUNPATH_SEARCH_PATHS = (
					"$(inherited)",
					"@executable_path/Frameworks",
					"@loader_path/Frameworks",
				);
				PRODUCT_BUNDLE_IDENTIFIER = "eee3.MHTABandara-COBSCCOMP191P-024Tests";
				PRODUCT_NAME = "$(TARGET_NAME)";
				SWIFT_VERSION = 5.0;
				TARGETED_DEVICE_FAMILY = "1,2";
				TEST_HOST = "$(BUILT_PRODUCTS_DIR)/MHTABandara-COBSCCOMP191P-024.app/MHTABandara-COBSCCOMP191P-024";
			};
			name = Release;
		};
		7F14B667251337DE008CF425 /* Debug */ = {
			isa = XCBuildConfiguration;
			buildSettings = {
				ALWAYS_EMBED_SWIFT_STANDARD_LIBRARIES = YES;
				CODE_SIGN_STYLE = Automatic;
				INFOPLIST_FILE = "MHTABandara-COBSCCOMP191P-024UITests/Info.plist";
				LD_RUNPATH_SEARCH_PATHS = (
					"$(inherited)",
					"@executable_path/Frameworks",
					"@loader_path/Frameworks",
				);
				PRODUCT_BUNDLE_IDENTIFIER = "eee3.MHTABandara-COBSCCOMP191P-024UITests";
				PRODUCT_NAME = "$(TARGET_NAME)";
				SWIFT_VERSION = 5.0;
				TARGETED_DEVICE_FAMILY = "1,2";
				TEST_TARGET_NAME = "MHTABandara-COBSCCOMP191P-024";
			};
			name = Debug;
		};
		7F14B668251337DE008CF425 /* Release */ = {
			isa = XCBuildConfiguration;
			buildSettings = {
				ALWAYS_EMBED_SWIFT_STANDARD_LIBRARIES = YES;
				CODE_SIGN_STYLE = Automatic;
				INFOPLIST_FILE = "MHTABandara-COBSCCOMP191P-024UITests/Info.plist";
				LD_RUNPATH_SEARCH_PATHS = (
					"$(inherited)",
					"@executable_path/Frameworks",
					"@loader_path/Frameworks",
				);
				PRODUCT_BUNDLE_IDENTIFIER = "eee3.MHTABandara-COBSCCOMP191P-024UITests";
				PRODUCT_NAME = "$(TARGET_NAME)";
				SWIFT_VERSION = 5.0;
				TARGETED_DEVICE_FAMILY = "1,2";
				TEST_TARGET_NAME = "MHTABandara-COBSCCOMP191P-024";
			};
			name = Release;
		};
/* End XCBuildConfiguration section */

/* Begin XCConfigurationList section */
		7F14B631251337DC008CF425 /* Build configuration list for PBXProject "MHTABandara-COBSCCOMP191P-024" */ = {
			isa = XCConfigurationList;
			buildConfigurations = (
				7F14B65E251337DE008CF425 /* Debug */,
				7F14B65F251337DE008CF425 /* Release */,
			);
			defaultConfigurationIsVisible = 0;
			defaultConfigurationName = Release;
		};
		7F14B660251337DE008CF425 /* Build configuration list for PBXNativeTarget "MHTABandara-COBSCCOMP191P-024" */ = {
			isa = XCConfigurationList;
			buildConfigurations = (
				7F14B661251337DE008CF425 /* Debug */,
				7F14B662251337DE008CF425 /* Release */,
			);
			defaultConfigurationIsVisible = 0;
			defaultConfigurationName = Release;
		};
		7F14B663251337DE008CF425 /* Build configuration list for PBXNativeTarget "MHTABandara-COBSCCOMP191P-024Tests" */ = {
			isa = XCConfigurationList;
			buildConfigurations = (
				7F14B664251337DE008CF425 /* Debug */,
				7F14B665251337DE008CF425 /* Release */,
			);
			defaultConfigurationIsVisible = 0;
			defaultConfigurationName = Release;
		};
		7F14B666251337DE008CF425 /* Build configuration list for PBXNativeTarget "MHTABandara-COBSCCOMP191P-024UITests" */ = {
			isa = XCConfigurationList;
			buildConfigurations = (
				7F14B667251337DE008CF425 /* Debug */,
				7F14B668251337DE008CF425 /* Release */,
			);
			defaultConfigurationIsVisible = 0;
			defaultConfigurationName = Release;
		};
/* End XCConfigurationList section */
	};
	rootObject = 7F14B62E251337DC008CF425 /* Project object */;
}
